// !$*UTF8*$!
{
	archiveVersion = 1;
	classes = {
	};
	objectVersion = 56;
	objects = {

/* Begin PBXBuildFile section */
		7284D9272B158F8A00C0C131 /* Pole_ProgressApp.swift in Sources */ = {isa = PBXBuildFile; fileRef = 7284D9262B158F8A00C0C131 /* Pole_ProgressApp.swift */; };
		7284D9292B158F8A00C0C131 /* MoveDetailsView.swift in Sources */ = {isa = PBXBuildFile; fileRef = 7284D9282B158F8A00C0C131 /* MoveDetailsView.swift */; };
		7284D92B2B158F8A00C0C131 /* Move.swift in Sources */ = {isa = PBXBuildFile; fileRef = 7284D92A2B158F8A00C0C131 /* Move.swift */; };
		7284D92D2B158F8B00C0C131 /* Assets.xcassets in Resources */ = {isa = PBXBuildFile; fileRef = 7284D92C2B158F8B00C0C131 /* Assets.xcassets */; };
		7284D9302B158F8B00C0C131 /* Preview Assets.xcassets in Resources */ = {isa = PBXBuildFile; fileRef = 7284D92F2B158F8B00C0C131 /* Preview Assets.xcassets */; };
		7284D93A2B158F8B00C0C131 /* Pole_ProgressTests.swift in Sources */ = {isa = PBXBuildFile; fileRef = 7284D9392B158F8B00C0C131 /* Pole_ProgressTests.swift */; };
		7284D9442B158F8B00C0C131 /* Pole_ProgressUITests.swift in Sources */ = {isa = PBXBuildFile; fileRef = 7284D9432B158F8B00C0C131 /* Pole_ProgressUITests.swift */; };
		7284D9462B158F8B00C0C131 /* Pole_ProgressUITestsLaunchTests.swift in Sources */ = {isa = PBXBuildFile; fileRef = 7284D9452B158F8B00C0C131 /* Pole_ProgressUITestsLaunchTests.swift */; };
		7284D9552B15922C00C0C131 /* Status.swift in Sources */ = {isa = PBXBuildFile; fileRef = 7284D9542B15922C00C0C131 /* Status.swift */; };
/* End PBXBuildFile section */

/* Begin PBXContainerItemProxy section */
		7284D9362B158F8B00C0C131 /* PBXContainerItemProxy */ = {
			isa = PBXContainerItemProxy;
			containerPortal = 7284D91B2B158F8900C0C131 /* Project object */;
			proxyType = 1;
			remoteGlobalIDString = 7284D9222B158F8900C0C131;
			remoteInfo = "Pole Progress";
		};
		7284D9402B158F8B00C0C131 /* PBXContainerItemProxy */ = {
			isa = PBXContainerItemProxy;
			containerPortal = 7284D91B2B158F8900C0C131 /* Project object */;
			proxyType = 1;
			remoteGlobalIDString = 7284D9222B158F8900C0C131;
			remoteInfo = "Pole Progress";
		};
/* End PBXContainerItemProxy section */

/* Begin PBXFileReference section */
		7284D9232B158F8A00C0C131 /* Pole Progress.app */ = {isa = PBXFileReference; explicitFileType = wrapper.application; includeInIndex = 0; path = "Pole Progress.app"; sourceTree = BUILT_PRODUCTS_DIR; };
		7284D9262B158F8A00C0C131 /* Pole_ProgressApp.swift */ = {isa = PBXFileReference; lastKnownFileType = sourcecode.swift; path = Pole_ProgressApp.swift; sourceTree = "<group>"; };
		7284D9282B158F8A00C0C131 /* MoveDetailsView.swift */ = {isa = PBXFileReference; lastKnownFileType = sourcecode.swift; path = MoveDetailsView.swift; sourceTree = "<group>"; };
		7284D92A2B158F8A00C0C131 /* Move.swift */ = {isa = PBXFileReference; lastKnownFileType = sourcecode.swift; path = Move.swift; sourceTree = "<group>"; };
		7284D92C2B158F8B00C0C131 /* Assets.xcassets */ = {isa = PBXFileReference; lastKnownFileType = folder.assetcatalog; path = Assets.xcassets; sourceTree = "<group>"; };
		7284D92F2B158F8B00C0C131 /* Preview Assets.xcassets */ = {isa = PBXFileReference; lastKnownFileType = folder.assetcatalog; path = "Preview Assets.xcassets"; sourceTree = "<group>"; };
		7284D9352B158F8B00C0C131 /* Pole ProgressTests.xctest */ = {isa = PBXFileReference; explicitFileType = wrapper.cfbundle; includeInIndex = 0; path = "Pole ProgressTests.xctest"; sourceTree = BUILT_PRODUCTS_DIR; };
		7284D9392B158F8B00C0C131 /* Pole_ProgressTests.swift */ = {isa = PBXFileReference; lastKnownFileType = sourcecode.swift; path = Pole_ProgressTests.swift; sourceTree = "<group>"; };
		7284D93F2B158F8B00C0C131 /* Pole ProgressUITests.xctest */ = {isa = PBXFileReference; explicitFileType = wrapper.cfbundle; includeInIndex = 0; path = "Pole ProgressUITests.xctest"; sourceTree = BUILT_PRODUCTS_DIR; };
		7284D9432B158F8B00C0C131 /* Pole_ProgressUITests.swift */ = {isa = PBXFileReference; lastKnownFileType = sourcecode.swift; path = Pole_ProgressUITests.swift; sourceTree = "<group>"; };
		7284D9452B158F8B00C0C131 /* Pole_ProgressUITestsLaunchTests.swift */ = {isa = PBXFileReference; lastKnownFileType = sourcecode.swift; path = Pole_ProgressUITestsLaunchTests.swift; sourceTree = "<group>"; };
		7284D9542B15922C00C0C131 /* Status.swift */ = {isa = PBXFileReference; lastKnownFileType = sourcecode.swift; path = Status.swift; sourceTree = "<group>"; };
/* End PBXFileReference section */

/* Begin PBXFrameworksBuildPhase section */
		7284D9202B158F8900C0C131 /* Frameworks */ = {
			isa = PBXFrameworksBuildPhase;
			buildActionMask = 2147483647;
			files = (
			);
			runOnlyForDeploymentPostprocessing = 0;
		};
		7284D9322B158F8B00C0C131 /* Frameworks */ = {
			isa = PBXFrameworksBuildPhase;
			buildActionMask = 2147483647;
			files = (
			);
			runOnlyForDeploymentPostprocessing = 0;
		};
		7284D93C2B158F8B00C0C131 /* Frameworks */ = {
			isa = PBXFrameworksBuildPhase;
			buildActionMask = 2147483647;
			files = (
			);
			runOnlyForDeploymentPostprocessing = 0;
		};
/* End PBXFrameworksBuildPhase section */

/* Begin PBXGroup section */
		7284D91A2B158F8900C0C131 = {
			isa = PBXGroup;
			children = (
				7284D9252B158F8A00C0C131 /* Pole Progress */,
				7284D9382B158F8B00C0C131 /* Pole ProgressTests */,
				7284D9422B158F8B00C0C131 /* Pole ProgressUITests */,
				7284D9242B158F8A00C0C131 /* Products */,
			);
			sourceTree = "<group>";
		};
		7284D9242B158F8A00C0C131 /* Products */ = {
			isa = PBXGroup;
			children = (
				7284D9232B158F8A00C0C131 /* Pole Progress.app */,
				7284D9352B158F8B00C0C131 /* Pole ProgressTests.xctest */,
				7284D93F2B158F8B00C0C131 /* Pole ProgressUITests.xctest */,
			);
			name = Products;
			sourceTree = "<group>";
		};
		7284D9252B158F8A00C0C131 /* Pole Progress */ = {
			isa = PBXGroup;
			children = (
				7284D9262B158F8A00C0C131 /* Pole_ProgressApp.swift */,
				7284D9542B15922C00C0C131 /* Status.swift */,
				7284D9532B15912800C0C131 /* MoveDetails */,
				7284D92A2B158F8A00C0C131 /* Move.swift */,
				7284D92C2B158F8B00C0C131 /* Assets.xcassets */,
				7284D92E2B158F8B00C0C131 /* Preview Content */,
			);
			path = "Pole Progress";
			sourceTree = "<group>";
		};
		7284D92E2B158F8B00C0C131 /* Preview Content */ = {
			isa = PBXGroup;
			children = (
				7284D92F2B158F8B00C0C131 /* Preview Assets.xcassets */,
			);
			path = "Preview Content";
			sourceTree = "<group>";
		};
		7284D9382B158F8B00C0C131 /* Pole ProgressTests */ = {
			isa = PBXGroup;
			children = (
				7284D9392B158F8B00C0C131 /* Pole_ProgressTests.swift */,
			);
			path = "Pole ProgressTests";
			sourceTree = "<group>";
		};
		7284D9422B158F8B00C0C131 /* Pole ProgressUITests */ = {
			isa = PBXGroup;
			children = (
				7284D9432B158F8B00C0C131 /* Pole_ProgressUITests.swift */,
				7284D9452B158F8B00C0C131 /* Pole_ProgressUITestsLaunchTests.swift */,
			);
			path = "Pole ProgressUITests";
			sourceTree = "<group>";
		};
		7284D9532B15912800C0C131 /* MoveDetails */ = {
			isa = PBXGroup;
			children = (
				7284D9282B158F8A00C0C131 /* MoveDetailsView.swift */,
			);
			path = MoveDetails;
			sourceTree = "<group>";
		};
/* End PBXGroup section */

/* Begin PBXNativeTarget section */
		7284D9222B158F8900C0C131 /* Pole Progress */ = {
			isa = PBXNativeTarget;
			buildConfigurationList = 7284D9492B158F8B00C0C131 /* Build configuration list for PBXNativeTarget "Pole Progress" */;
			buildPhases = (
				7284D91F2B158F8900C0C131 /* Sources */,
				7284D9202B158F8900C0C131 /* Frameworks */,
				7284D9212B158F8900C0C131 /* Resources */,
			);
			buildRules = (
			);
			dependencies = (
			);
			name = "Pole Progress";
			productName = "Pole Progress";
			productReference = 7284D9232B158F8A00C0C131 /* Pole Progress.app */;
			productType = "com.apple.product-type.application";
		};
		7284D9342B158F8B00C0C131 /* Pole ProgressTests */ = {
			isa = PBXNativeTarget;
			buildConfigurationList = 7284D94C2B158F8B00C0C131 /* Build configuration list for PBXNativeTarget "Pole ProgressTests" */;
			buildPhases = (
				7284D9312B158F8B00C0C131 /* Sources */,
				7284D9322B158F8B00C0C131 /* Frameworks */,
				7284D9332B158F8B00C0C131 /* Resources */,
			);
			buildRules = (
			);
			dependencies = (
				7284D9372B158F8B00C0C131 /* PBXTargetDependency */,
			);
			name = "Pole ProgressTests";
			productName = "Pole ProgressTests";
			productReference = 7284D9352B158F8B00C0C131 /* Pole ProgressTests.xctest */;
			productType = "com.apple.product-type.bundle.unit-test";
		};
		7284D93E2B158F8B00C0C131 /* Pole ProgressUITests */ = {
			isa = PBXNativeTarget;
			buildConfigurationList = 7284D94F2B158F8B00C0C131 /* Build configuration list for PBXNativeTarget "Pole ProgressUITests" */;
			buildPhases = (
				7284D93B2B158F8B00C0C131 /* Sources */,
				7284D93C2B158F8B00C0C131 /* Frameworks */,
				7284D93D2B158F8B00C0C131 /* Resources */,
			);
			buildRules = (
			);
			dependencies = (
				7284D9412B158F8B00C0C131 /* PBXTargetDependency */,
			);
			name = "Pole ProgressUITests";
			productName = "Pole ProgressUITests";
			productReference = 7284D93F2B158F8B00C0C131 /* Pole ProgressUITests.xctest */;
			productType = "com.apple.product-type.bundle.ui-testing";
		};
/* End PBXNativeTarget section */

/* Begin PBXProject section */
		7284D91B2B158F8900C0C131 /* Project object */ = {
			isa = PBXProject;
			attributes = {
				BuildIndependentTargetsInParallel = 1;
				LastSwiftUpdateCheck = 1500;
				LastUpgradeCheck = 1500;
				TargetAttributes = {
					7284D9222B158F8900C0C131 = {
						CreatedOnToolsVersion = 15.0.1;
					};
					7284D9342B158F8B00C0C131 = {
						CreatedOnToolsVersion = 15.0.1;
						TestTargetID = 7284D9222B158F8900C0C131;
					};
					7284D93E2B158F8B00C0C131 = {
						CreatedOnToolsVersion = 15.0.1;
						TestTargetID = 7284D9222B158F8900C0C131;
					};
				};
			};
			buildConfigurationList = 7284D91E2B158F8900C0C131 /* Build configuration list for PBXProject "Pole Progress" */;
			compatibilityVersion = "Xcode 14.0";
			developmentRegion = en;
			hasScannedForEncodings = 0;
			knownRegions = (
				en,
				Base,
			);
			mainGroup = 7284D91A2B158F8900C0C131;
			productRefGroup = 7284D9242B158F8A00C0C131 /* Products */;
			projectDirPath = "";
			projectRoot = "";
			targets = (
				7284D9222B158F8900C0C131 /* Pole Progress */,
				7284D9342B158F8B00C0C131 /* Pole ProgressTests */,
				7284D93E2B158F8B00C0C131 /* Pole ProgressUITests */,
			);
		};
/* End PBXProject section */

/* Begin PBXResourcesBuildPhase section */
		7284D9212B158F8900C0C131 /* Resources */ = {
			isa = PBXResourcesBuildPhase;
			buildActionMask = 2147483647;
			files = (
				7284D9302B158F8B00C0C131 /* Preview Assets.xcassets in Resources */,
				7284D92D2B158F8B00C0C131 /* Assets.xcassets in Resources */,
			);
			runOnlyForDeploymentPostprocessing = 0;
		};
		7284D9332B158F8B00C0C131 /* Resources */ = {
			isa = PBXResourcesBuildPhase;
			buildActionMask = 2147483647;
			files = (
			);
			runOnlyForDeploymentPostprocessing = 0;
		};
		7284D93D2B158F8B00C0C131 /* Resources */ = {
			isa = PBXResourcesBuildPhase;
			buildActionMask = 2147483647;
			files = (
			);
			runOnlyForDeploymentPostprocessing = 0;
		};
/* End PBXResourcesBuildPhase section */

/* Begin PBXSourcesBuildPhase section */
		7284D91F2B158F8900C0C131 /* Sources */ = {
			isa = PBXSourcesBuildPhase;
			buildActionMask = 2147483647;
			files = (
				7284D9552B15922C00C0C131 /* Status.swift in Sources */,
				7284D9292B158F8A00C0C131 /* MoveDetailsView.swift in Sources */,
				7284D92B2B158F8A00C0C131 /* Move.swift in Sources */,
				7284D9272B158F8A00C0C131 /* Pole_ProgressApp.swift in Sources */,
			);
			runOnlyForDeploymentPostprocessing = 0;
		};
		7284D9312B158F8B00C0C131 /* Sources */ = {
			isa = PBXSourcesBuildPhase;
			buildActionMask = 2147483647;
			files = (
				7284D93A2B158F8B00C0C131 /* Pole_ProgressTests.swift in Sources */,
			);
			runOnlyForDeploymentPostprocessing = 0;
		};
		7284D93B2B158F8B00C0C131 /* Sources */ = {
			isa = PBXSourcesBuildPhase;
			buildActionMask = 2147483647;
			files = (
				7284D9442B158F8B00C0C131 /* Pole_ProgressUITests.swift in Sources */,
				7284D9462B158F8B00C0C131 /* Pole_ProgressUITestsLaunchTests.swift in Sources */,
			);
			runOnlyForDeploymentPostprocessing = 0;
		};
/* End PBXSourcesBuildPhase section */

/* Begin PBXTargetDependency section */
		7284D9372B158F8B00C0C131 /* PBXTargetDependency */ = {
			isa = PBXTargetDependency;
			target = 7284D9222B158F8900C0C131 /* Pole Progress */;
			targetProxy = 7284D9362B158F8B00C0C131 /* PBXContainerItemProxy */;
		};
		7284D9412B158F8B00C0C131 /* PBXTargetDependency */ = {
			isa = PBXTargetDependency;
			target = 7284D9222B158F8900C0C131 /* Pole Progress */;
			targetProxy = 7284D9402B158F8B00C0C131 /* PBXContainerItemProxy */;
		};
/* End PBXTargetDependency section */

/* Begin XCBuildConfiguration section */
		7284D9472B158F8B00C0C131 /* Debug */ = {
			isa = XCBuildConfiguration;
			buildSettings = {
				ALWAYS_SEARCH_USER_PATHS = NO;
				ASSETCATALOG_COMPILER_GENERATE_SWIFT_ASSET_SYMBOL_EXTENSIONS = YES;
				CLANG_ANALYZER_NONNULL = YES;
				CLANG_ANALYZER_NUMBER_OBJECT_CONVERSION = YES_AGGRESSIVE;
				CLANG_CXX_LANGUAGE_STANDARD = "gnu++20";
				CLANG_ENABLE_MODULES = YES;
				CLANG_ENABLE_OBJC_ARC = YES;
				CLANG_ENABLE_OBJC_WEAK = YES;
				CLANG_WARN_BLOCK_CAPTURE_AUTORELEASING = YES;
				CLANG_WARN_BOOL_CONVERSION = YES;
				CLANG_WARN_COMMA = YES;
				CLANG_WARN_CONSTANT_CONVERSION = YES;
				CLANG_WARN_DEPRECATED_OBJC_IMPLEMENTATIONS = YES;
				CLANG_WARN_DIRECT_OBJC_ISA_USAGE = YES_ERROR;
				CLANG_WARN_DOCUMENTATION_COMMENTS = YES;
				CLANG_WARN_EMPTY_BODY = YES;
				CLANG_WARN_ENUM_CONVERSION = YES;
				CLANG_WARN_INFINITE_RECURSION = YES;
				CLANG_WARN_INT_CONVERSION = YES;
				CLANG_WARN_NON_LITERAL_NULL_CONVERSION = YES;
				CLANG_WARN_OBJC_IMPLICIT_RETAIN_SELF = YES;
				CLANG_WARN_OBJC_LITERAL_CONVERSION = YES;
				CLANG_WARN_OBJC_ROOT_CLASS = YES_ERROR;
				CLANG_WARN_QUOTED_INCLUDE_IN_FRAMEWORK_HEADER = YES;
				CLANG_WARN_RANGE_LOOP_ANALYSIS = YES;
				CLANG_WARN_STRICT_PROTOTYPES = YES;
				CLANG_WARN_SUSPICIOUS_MOVE = YES;
				CLANG_WARN_UNGUARDED_AVAILABILITY = YES_AGGRESSIVE;
				CLANG_WARN_UNREACHABLE_CODE = YES;
				CLANG_WARN__DUPLICATE_METHOD_MATCH = YES;
				COPY_PHASE_STRIP = NO;
				DEBUG_INFORMATION_FORMAT = dwarf;
				ENABLE_STRICT_OBJC_MSGSEND = YES;
				ENABLE_TESTABILITY = YES;
				ENABLE_USER_SCRIPT_SANDBOXING = YES;
				GCC_C_LANGUAGE_STANDARD = gnu17;
				GCC_DYNAMIC_NO_PIC = NO;
				GCC_NO_COMMON_BLOCKS = YES;
				GCC_OPTIMIZATION_LEVEL = 0;
				GCC_PREPROCESSOR_DEFINITIONS = (
					"DEBUG=1",
					"$(inherited)",
				);
				GCC_WARN_64_TO_32_BIT_CONVERSION = YES;
				GCC_WARN_ABOUT_RETURN_TYPE = YES_ERROR;
				GCC_WARN_UNDECLARED_SELECTOR = YES;
				GCC_WARN_UNINITIALIZED_AUTOS = YES_AGGRESSIVE;
				GCC_WARN_UNUSED_FUNCTION = YES;
				GCC_WARN_UNUSED_VARIABLE = YES;
				IPHONEOS_DEPLOYMENT_TARGET = 17.0;
				LOCALIZATION_PREFERS_STRING_CATALOGS = YES;
				MTL_ENABLE_DEBUG_INFO = INCLUDE_SOURCE;
				MTL_FAST_MATH = YES;
				ONLY_ACTIVE_ARCH = YES;
				SDKROOT = iphoneos;
				SWIFT_ACTIVE_COMPILATION_CONDITIONS = "DEBUG $(inherited)";
				SWIFT_OPTIMIZATION_LEVEL = "-Onone";
			};
			name = Debug;
		};
		7284D9482B158F8B00C0C131 /* Release */ = {
			isa = XCBuildConfiguration;
			buildSettings = {
				ALWAYS_SEARCH_USER_PATHS = NO;
				ASSETCATALOG_COMPILER_GENERATE_SWIFT_ASSET_SYMBOL_EXTENSIONS = YES;
				CLANG_ANALYZER_NONNULL = YES;
				CLANG_ANALYZER_NUMBER_OBJECT_CONVERSION = YES_AGGRESSIVE;
				CLANG_CXX_LANGUAGE_STANDARD = "gnu++20";
				CLANG_ENABLE_MODULES = YES;
				CLANG_ENABLE_OBJC_ARC = YES;
				CLANG_ENABLE_OBJC_WEAK = YES;
				CLANG_WARN_BLOCK_CAPTURE_AUTORELEASING = YES;
				CLANG_WARN_BOOL_CONVERSION = YES;
				CLANG_WARN_COMMA = YES;
				CLANG_WARN_CONSTANT_CONVERSION = YES;
				CLANG_WARN_DEPRECATED_OBJC_IMPLEMENTATIONS = YES;
				CLANG_WARN_DIRECT_OBJC_ISA_USAGE = YES_ERROR;
				CLANG_WARN_DOCUMENTATION_COMMENTS = YES;
				CLANG_WARN_EMPTY_BODY = YES;
				CLANG_WARN_ENUM_CONVERSION = YES;
				CLANG_WARN_INFINITE_RECURSION = YES;
				CLANG_WARN_INT_CONVERSION = YES;
				CLANG_WARN_NON_LITERAL_NULL_CONVERSION = YES;
				CLANG_WARN_OBJC_IMPLICIT_RETAIN_SELF = YES;
				CLANG_WARN_OBJC_LITERAL_CONVERSION = YES;
				CLANG_WARN_OBJC_ROOT_CLASS = YES_ERROR;
				CLANG_WARN_QUOTED_INCLUDE_IN_FRAMEWORK_HEADER = YES;
				CLANG_WARN_RANGE_LOOP_ANALYSIS = YES;
				CLANG_WARN_STRICT_PROTOTYPES = YES;
				CLANG_WARN_SUSPICIOUS_MOVE = YES;
				CLANG_WARN_UNGUARDED_AVAILABILITY = YES_AGGRESSIVE;
				CLANG_WARN_UNREACHABLE_CODE = YES;
				CLANG_WARN__DUPLICATE_METHOD_MATCH = YES;
				COPY_PHASE_STRIP = NO;
				DEBUG_INFORMATION_FORMAT = "dwarf-with-dsym";
				ENABLE_NS_ASSERTIONS = NO;
				ENABLE_STRICT_OBJC_MSGSEND = YES;
				ENABLE_USER_SCRIPT_SANDBOXING = YES;
				GCC_C_LANGUAGE_STANDARD = gnu17;
				GCC_NO_COMMON_BLOCKS = YES;
				GCC_WARN_64_TO_32_BIT_CONVERSION = YES;
				GCC_WARN_ABOUT_RETURN_TYPE = YES_ERROR;
				GCC_WARN_UNDECLARED_SELECTOR = YES;
				GCC_WARN_UNINITIALIZED_AUTOS = YES_AGGRESSIVE;
				GCC_WARN_UNUSED_FUNCTION = YES;
				GCC_WARN_UNUSED_VARIABLE = YES;
				IPHONEOS_DEPLOYMENT_TARGET = 17.0;
				LOCALIZATION_PREFERS_STRING_CATALOGS = YES;
				MTL_ENABLE_DEBUG_INFO = NO;
				MTL_FAST_MATH = YES;
				SDKROOT = iphoneos;
				SWIFT_COMPILATION_MODE = wholemodule;
				VALIDATE_PRODUCT = YES;
			};
			name = Release;
		};
		7284D94A2B158F8B00C0C131 /* Debug */ = {
			isa = XCBuildConfiguration;
			buildSettings = {
				ASSETCATALOG_COMPILER_APPICON_NAME = AppIcon;
				ASSETCATALOG_COMPILER_GLOBAL_ACCENT_COLOR_NAME = AccentColor;
				CODE_SIGN_STYLE = Automatic;
				CURRENT_PROJECT_VERSION = 1;
				DEVELOPMENT_ASSET_PATHS = "\"Pole Progress/Preview Content\"";
				ENABLE_PREVIEWS = YES;
				GENERATE_INFOPLIST_FILE = YES;
				INFOPLIST_KEY_UIApplicationSceneManifest_Generation = YES;
				INFOPLIST_KEY_UIApplicationSupportsIndirectInputEvents = YES;
				INFOPLIST_KEY_UILaunchScreen_Generation = YES;
				INFOPLIST_KEY_UISupportedInterfaceOrientations_iPad = "UIInterfaceOrientationPortrait UIInterfaceOrientationPortraitUpsideDown UIInterfaceOrientationLandscapeLeft UIInterfaceOrientationLandscapeRight";
				INFOPLIST_KEY_UISupportedInterfaceOrientations_iPhone = "UIInterfaceOrientationPortrait UIInterfaceOrientationLandscapeLeft UIInterfaceOrientationLandscapeRight";
				LD_RUNPATH_SEARCH_PATHS = (
					"$(inherited)",
					"@executable_path/Frameworks",
				);
				MARKETING_VERSION = 1.0;
				PRODUCT_BUNDLE_IDENTIFIER = "com.fishcodepond.Pole-Progress";
				PRODUCT_NAME = "$(TARGET_NAME)";
				SWIFT_EMIT_LOC_STRINGS = YES;
				SWIFT_VERSION = 5.0;
				TARGETED_DEVICE_FAMILY = "1,2";
			};
			name = Debug;
		};
		7284D94B2B158F8B00C0C131 /* Release */ = {
			isa = XCBuildConfiguration;
			buildSettings = {
				ASSETCATALOG_COMPILER_APPICON_NAME = AppIcon;
				ASSETCATALOG_COMPILER_GLOBAL_ACCENT_COLOR_NAME = AccentColor;
				CODE_SIGN_STYLE = Automatic;
				CURRENT_PROJECT_VERSION = 1;
				DEVELOPMENT_ASSET_PATHS = "\"Pole Progress/Preview Content\"";
				ENABLE_PREVIEWS = YES;
				GENERATE_INFOPLIST_FILE = YES;
				INFOPLIST_KEY_UIApplicationSceneManifest_Generation = YES;
				INFOPLIST_KEY_UIApplicationSupportsIndirectInputEvents = YES;
				INFOPLIST_KEY_UILaunchScreen_Generation = YES;
				INFOPLIST_KEY_UISupportedInterfaceOrientations_iPad = "UIInterfaceOrientationPortrait UIInterfaceOrientationPortraitUpsideDown UIInterfaceOrientationLandscapeLeft UIInterfaceOrientationLandscapeRight";
				INFOPLIST_KEY_UISupportedInterfaceOrientations_iPhone = "UIInterfaceOrientationPortrait UIInterfaceOrientationLandscapeLeft UIInterfaceOrientationLandscapeRight";
				LD_RUNPATH_SEARCH_PATHS = (
					"$(inherited)",
					"@executable_path/Frameworks",
				);
				MARKETING_VERSION = 1.0;
				PRODUCT_BUNDLE_IDENTIFIER = "com.fishcodepond.Pole-Progress";
				PRODUCT_NAME = "$(TARGET_NAME)";
				SWIFT_EMIT_LOC_STRINGS = YES;
				SWIFT_VERSION = 5.0;
				TARGETED_DEVICE_FAMILY = "1,2";
			};
			name = Release;
		};
		7284D94D2B158F8B00C0C131 /* Debug */ = {
			isa = XCBuildConfiguration;
			buildSettings = {
				ALWAYS_EMBED_SWIFT_STANDARD_LIBRARIES = YES;
				BUNDLE_LOADER = "$(TEST_HOST)";
				CODE_SIGN_STYLE = Automatic;
				CURRENT_PROJECT_VERSION = 1;
				GENERATE_INFOPLIST_FILE = YES;
				IPHONEOS_DEPLOYMENT_TARGET = 17.0;
				MARKETING_VERSION = 1.0;
				PRODUCT_BUNDLE_IDENTIFIER = "com.fishcodepond.Pole-ProgressTests";
				PRODUCT_NAME = "$(TARGET_NAME)";
				SWIFT_EMIT_LOC_STRINGS = NO;
				SWIFT_VERSION = 5.0;
				TARGETED_DEVICE_FAMILY = "1,2";
				TEST_HOST = "$(BUILT_PRODUCTS_DIR)/Pole Progress.app/$(BUNDLE_EXECUTABLE_FOLDER_PATH)/Pole Progress";
			};
			name = Debug;
		};
		7284D94E2B158F8B00C0C131 /* Release */ = {
			isa = XCBuildConfiguration;
			buildSettings = {
				ALWAYS_EMBED_SWIFT_STANDARD_LIBRARIES = YES;
				BUNDLE_LOADER = "$(TEST_HOST)";
				CODE_SIGN_STYLE = Automatic;
				CURRENT_PROJECT_VERSION = 1;
				GENERATE_INFOPLIST_FILE = YES;
				IPHONEOS_DEPLOYMENT_TARGET = 17.0;
				MARKETING_VERSION = 1.0;
				PRODUCT_BUNDLE_IDENTIFIER = "com.fishcodepond.Pole-ProgressTests";
				PRODUCT_NAME = "$(TARGET_NAME)";
				SWIFT_EMIT_LOC_STRINGS = NO;
				SWIFT_VERSION = 5.0;
				TARGETED_DEVICE_FAMILY = "1,2";
				TEST_HOST = "$(BUILT_PRODUCTS_DIR)/Pole Progress.app/$(BUNDLE_EXECUTABLE_FOLDER_PATH)/Pole Progress";
			};
			name = Release;
		};
		7284D9502B158F8B00C0C131 /* Debug */ = {
			isa = XCBuildConfiguration;
			buildSettings = {
				ALWAYS_EMBED_SWIFT_STANDARD_LIBRARIES = YES;
				CODE_SIGN_STYLE = Automatic;
				CURRENT_PROJECT_VERSION = 1;
				GENERATE_INFOPLIST_FILE = YES;
				MARKETING_VERSION = 1.0;
				PRODUCT_BUNDLE_IDENTIFIER = "com.fishcodepond.Pole-ProgressUITests";
				PRODUCT_NAME = "$(TARGET_NAME)";
				SWIFT_EMIT_LOC_STRINGS = NO;
				SWIFT_VERSION = 5.0;
				TARGETED_DEVICE_FAMILY = "1,2";
				TEST_TARGET_NAME = "Pole Progress";
			};
			name = Debug;
		};
		7284D9512B158F8B00C0C131 /* Release */ = {
			isa = XCBuildConfiguration;
			buildSettings = {
				ALWAYS_EMBED_SWIFT_STANDARD_LIBRARIES = YES;
				CODE_SIGN_STYLE = Automatic;
				CURRENT_PROJECT_VERSION = 1;
				GENERATE_INFOPLIST_FILE = YES;
				MARKETING_VERSION = 1.0;
				PRODUCT_BUNDLE_IDENTIFIER = "com.fishcodepond.Pole-ProgressUITests";
				PRODUCT_NAME = "$(TARGET_NAME)";
				SWIFT_EMIT_LOC_STRINGS = NO;
				SWIFT_VERSION = 5.0;
				TARGETED_DEVICE_FAMILY = "1,2";
				TEST_TARGET_NAME = "Pole Progress";
			};
			name = Release;
		};
/* End XCBuildConfiguration section */

/* Begin XCConfigurationList section */
		7284D91E2B158F8900C0C131 /* Build configuration list for PBXProject "Pole Progress" */ = {
			isa = XCConfigurationList;
			buildConfigurations = (
				7284D9472B158F8B00C0C131 /* Debug */,
				7284D9482B158F8B00C0C131 /* Release */,
			);
			defaultConfigurationIsVisible = 0;
			defaultConfigurationName = Release;
		};
		7284D9492B158F8B00C0C131 /* Build configuration list for PBXNativeTarget "Pole Progress" */ = {
			isa = XCConfigurationList;
			buildConfigurations = (
				7284D94A2B158F8B00C0C131 /* Debug */,
				7284D94B2B158F8B00C0C131 /* Release */,
			);
			defaultConfigurationIsVisible = 0;
			defaultConfigurationName = Release;
		};
		7284D94C2B158F8B00C0C131 /* Build configuration list for PBXNativeTarget "Pole ProgressTests" */ = {
			isa = XCConfigurationList;
			buildConfigurations = (
				7284D94D2B158F8B00C0C131 /* Debug */,
				7284D94E2B158F8B00C0C131 /* Release */,
			);
			defaultConfigurationIsVisible = 0;
			defaultConfigurationName = Release;
		};
		7284D94F2B158F8B00C0C131 /* Build configuration list for PBXNativeTarget "Pole ProgressUITests" */ = {
			isa = XCConfigurationList;
			buildConfigurations = (
				7284D9502B158F8B00C0C131 /* Debug */,
				7284D9512B158F8B00C0C131 /* Release */,
			);
			defaultConfigurationIsVisible = 0;
			defaultConfigurationName = Release;
		};
/* End XCConfigurationList section */
	};
	rootObject = 7284D91B2B158F8900C0C131 /* Project object */;
}
