// !$*UTF8*$!
{
	archiveVersion = 1;
	classes = {
	};
	objectVersion = 56;
	objects = {

/* Begin PBXBuildFile section */
		72313EB22B20329B000BD4D0 /* TransitionEntity+CoreDataClass.swift in Sources */ = {isa = PBXBuildFile; fileRef = 72313EB02B20329B000BD4D0 /* TransitionEntity+CoreDataClass.swift */; };
		72313EB32B20329B000BD4D0 /* TransitionEntity+CoreDataProperties.swift in Sources */ = {isa = PBXBuildFile; fileRef = 72313EB12B20329B000BD4D0 /* TransitionEntity+CoreDataProperties.swift */; };
		72313EB52B203308000BD4D0 /* MoveTransition.swift in Sources */ = {isa = PBXBuildFile; fileRef = 72313EB42B203308000BD4D0 /* MoveTransition.swift */; };
		72313EB72B2034B2000BD4D0 /* TransitionController.swift in Sources */ = {isa = PBXBuildFile; fileRef = 72313EB62B2034B2000BD4D0 /* TransitionController.swift */; };
		72313EB92B20E0B1000BD4D0 /* TransitionListView.swift in Sources */ = {isa = PBXBuildFile; fileRef = 72313EB82B20E0B1000BD4D0 /* TransitionListView.swift */; };
		72382D5E2B16B24C007901D6 /* Pole_ProgressApp.swift in Sources */ = {isa = PBXBuildFile; fileRef = 72382D5D2B16B24C007901D6 /* Pole_ProgressApp.swift */; };
		72382D602B16B24C007901D6 /* ContentView.swift in Sources */ = {isa = PBXBuildFile; fileRef = 72382D5F2B16B24C007901D6 /* ContentView.swift */; };
		72382D622B16B24D007901D6 /* Assets.xcassets in Resources */ = {isa = PBXBuildFile; fileRef = 72382D612B16B24D007901D6 /* Assets.xcassets */; };
		72382D652B16B24D007901D6 /* Preview Assets.xcassets in Resources */ = {isa = PBXBuildFile; fileRef = 72382D642B16B24D007901D6 /* Preview Assets.xcassets */; };
		72382D672B16B24D007901D6 /* Persistence.swift in Sources */ = {isa = PBXBuildFile; fileRef = 72382D662B16B24D007901D6 /* Persistence.swift */; };
		72382D742B16B24D007901D6 /* Pole_ProgressTests.swift in Sources */ = {isa = PBXBuildFile; fileRef = 72382D732B16B24D007901D6 /* Pole_ProgressTests.swift */; };
		72382D7E2B16B24D007901D6 /* Pole_ProgressUITests.swift in Sources */ = {isa = PBXBuildFile; fileRef = 72382D7D2B16B24D007901D6 /* Pole_ProgressUITests.swift */; };
		72382D802B16B24D007901D6 /* Pole_ProgressUITestsLaunchTests.swift in Sources */ = {isa = PBXBuildFile; fileRef = 72382D7F2B16B24D007901D6 /* Pole_ProgressUITestsLaunchTests.swift */; };
		72382D922B16B54D007901D6 /* StatusEnum.swift in Sources */ = {isa = PBXBuildFile; fileRef = 72382D912B16B54D007901D6 /* StatusEnum.swift */; };
		72382D992B16C151007901D6 /* MoveListView.swift in Sources */ = {isa = PBXBuildFile; fileRef = 72382D982B16C150007901D6 /* MoveListView.swift */; };
		72D7EBF92B16C8D2006A3E99 /* PoleProgressData.xcdatamodeld in Sources */ = {isa = PBXBuildFile; fileRef = 72D7EBF72B16C8D2006A3E99 /* PoleProgressData.xcdatamodeld */; };
		72E2B62B2B195EE100501351 /* DataController.swift in Sources */ = {isa = PBXBuildFile; fileRef = 72E2B62A2B195EE100501351 /* DataController.swift */; };
		72E2B62D2B1978AE00501351 /* PoleMove.swift in Sources */ = {isa = PBXBuildFile; fileRef = 72E2B62C2B1978AE00501351 /* PoleMove.swift */; };
		72E2B6312B19842500501351 /* OrderedCollections in Frameworks */ = {isa = PBXBuildFile; productRef = 72E2B6302B19842500501351 /* OrderedCollections */; };
		72E7C9672B16CB4400A44E7E /* PoleMove+CoreDataClass.swift in Sources */ = {isa = PBXBuildFile; fileRef = 72E7C9652B16CB4400A44E7E /* PoleMove+CoreDataClass.swift */; };
		72E7C9682B16CB4400A44E7E /* PoleMove+CoreDataProperties.swift in Sources */ = {isa = PBXBuildFile; fileRef = 72E7C9662B16CB4400A44E7E /* PoleMove+CoreDataProperties.swift */; };
		72E7C96A2B16E5BD00A44E7E /* MoveController.swift in Sources */ = {isa = PBXBuildFile; fileRef = 72E7C9692B16E5BD00A44E7E /* MoveController.swift */; };
		72E7C96C2B18146800A44E7E /* Utils.swift in Sources */ = {isa = PBXBuildFile; fileRef = 72E7C96B2B18146800A44E7E /* Utils.swift */; };
/* End PBXBuildFile section */

/* Begin PBXContainerItemProxy section */
		72382D702B16B24D007901D6 /* PBXContainerItemProxy */ = {
			isa = PBXContainerItemProxy;
			containerPortal = 72382D522B16B24C007901D6 /* Project object */;
			proxyType = 1;
			remoteGlobalIDString = 72382D592B16B24C007901D6;
			remoteInfo = "Pole Progress";
		};
		72382D7A2B16B24D007901D6 /* PBXContainerItemProxy */ = {
			isa = PBXContainerItemProxy;
			containerPortal = 72382D522B16B24C007901D6 /* Project object */;
			proxyType = 1;
			remoteGlobalIDString = 72382D592B16B24C007901D6;
			remoteInfo = "Pole Progress";
		};
/* End PBXContainerItemProxy section */

/* Begin PBXFileReference section */
		72313EB02B20329B000BD4D0 /* TransitionEntity+CoreDataClass.swift */ = {isa = PBXFileReference; lastKnownFileType = sourcecode.swift; path = "TransitionEntity+CoreDataClass.swift"; sourceTree = "<group>"; };
		72313EB12B20329B000BD4D0 /* TransitionEntity+CoreDataProperties.swift */ = {isa = PBXFileReference; lastKnownFileType = sourcecode.swift; path = "TransitionEntity+CoreDataProperties.swift"; sourceTree = "<group>"; };
		72313EB42B203308000BD4D0 /* MoveTransition.swift */ = {isa = PBXFileReference; lastKnownFileType = sourcecode.swift; path = MoveTransition.swift; sourceTree = "<group>"; };
		72313EB62B2034B2000BD4D0 /* TransitionController.swift */ = {isa = PBXFileReference; lastKnownFileType = sourcecode.swift; path = TransitionController.swift; sourceTree = "<group>"; };
		72313EB82B20E0B1000BD4D0 /* TransitionListView.swift */ = {isa = PBXFileReference; lastKnownFileType = sourcecode.swift; path = TransitionListView.swift; sourceTree = "<group>"; };
		72382D5A2B16B24C007901D6 /* Pole Progress.app */ = {isa = PBXFileReference; explicitFileType = wrapper.application; includeInIndex = 0; path = "Pole Progress.app"; sourceTree = BUILT_PRODUCTS_DIR; };
		72382D5D2B16B24C007901D6 /* Pole_ProgressApp.swift */ = {isa = PBXFileReference; lastKnownFileType = sourcecode.swift; path = Pole_ProgressApp.swift; sourceTree = "<group>"; };
		72382D5F2B16B24C007901D6 /* ContentView.swift */ = {isa = PBXFileReference; lastKnownFileType = sourcecode.swift; path = ContentView.swift; sourceTree = "<group>"; };
		72382D612B16B24D007901D6 /* Assets.xcassets */ = {isa = PBXFileReference; lastKnownFileType = folder.assetcatalog; path = Assets.xcassets; sourceTree = "<group>"; };
		72382D642B16B24D007901D6 /* Preview Assets.xcassets */ = {isa = PBXFileReference; lastKnownFileType = folder.assetcatalog; path = "Preview Assets.xcassets"; sourceTree = "<group>"; };
		72382D662B16B24D007901D6 /* Persistence.swift */ = {isa = PBXFileReference; lastKnownFileType = sourcecode.swift; path = Persistence.swift; sourceTree = "<group>"; };
		72382D6F2B16B24D007901D6 /* Pole ProgressTests.xctest */ = {isa = PBXFileReference; explicitFileType = wrapper.cfbundle; includeInIndex = 0; path = "Pole ProgressTests.xctest"; sourceTree = BUILT_PRODUCTS_DIR; };
		72382D732B16B24D007901D6 /* Pole_ProgressTests.swift */ = {isa = PBXFileReference; lastKnownFileType = sourcecode.swift; path = Pole_ProgressTests.swift; sourceTree = "<group>"; };
		72382D792B16B24D007901D6 /* Pole ProgressUITests.xctest */ = {isa = PBXFileReference; explicitFileType = wrapper.cfbundle; includeInIndex = 0; path = "Pole ProgressUITests.xctest"; sourceTree = BUILT_PRODUCTS_DIR; };
		72382D7D2B16B24D007901D6 /* Pole_ProgressUITests.swift */ = {isa = PBXFileReference; lastKnownFileType = sourcecode.swift; path = Pole_ProgressUITests.swift; sourceTree = "<group>"; };
		72382D7F2B16B24D007901D6 /* Pole_ProgressUITestsLaunchTests.swift */ = {isa = PBXFileReference; lastKnownFileType = sourcecode.swift; path = Pole_ProgressUITestsLaunchTests.swift; sourceTree = "<group>"; };
		72382D912B16B54D007901D6 /* StatusEnum.swift */ = {isa = PBXFileReference; lastKnownFileType = sourcecode.swift; path = StatusEnum.swift; sourceTree = "<group>"; };
		72382D982B16C150007901D6 /* MoveListView.swift */ = {isa = PBXFileReference; lastKnownFileType = sourcecode.swift; path = MoveListView.swift; sourceTree = "<group>"; };
		72D7EBF82B16C8D2006A3E99 /* PoleProgressData.xcdatamodel */ = {isa = PBXFileReference; lastKnownFileType = wrapper.xcdatamodel; path = PoleProgressData.xcdatamodel; sourceTree = "<group>"; };
		72E2B62A2B195EE100501351 /* DataController.swift */ = {isa = PBXFileReference; lastKnownFileType = sourcecode.swift; path = DataController.swift; sourceTree = "<group>"; };
		72E2B62C2B1978AE00501351 /* PoleMove.swift */ = {isa = PBXFileReference; lastKnownFileType = sourcecode.swift; path = PoleMove.swift; sourceTree = "<group>"; };
		72E7C9652B16CB4400A44E7E /* PoleMove+CoreDataClass.swift */ = {isa = PBXFileReference; lastKnownFileType = sourcecode.swift; name = "PoleMove+CoreDataClass.swift"; path = "Pole Progress/Models/PoleMove+CoreDataClass.swift"; sourceTree = SOURCE_ROOT; };
		72E7C9662B16CB4400A44E7E /* PoleMove+CoreDataProperties.swift */ = {isa = PBXFileReference; lastKnownFileType = sourcecode.swift; name = "PoleMove+CoreDataProperties.swift"; path = "Pole Progress/Models/PoleMove+CoreDataProperties.swift"; sourceTree = SOURCE_ROOT; };
		72E7C9692B16E5BD00A44E7E /* MoveController.swift */ = {isa = PBXFileReference; lastKnownFileType = sourcecode.swift; path = MoveController.swift; sourceTree = "<group>"; };
		72E7C96B2B18146800A44E7E /* Utils.swift */ = {isa = PBXFileReference; lastKnownFileType = sourcecode.swift; path = Utils.swift; sourceTree = "<group>"; };
/* End PBXFileReference section */

/* Begin PBXFrameworksBuildPhase section */
		72382D572B16B24C007901D6 /* Frameworks */ = {
			isa = PBXFrameworksBuildPhase;
			buildActionMask = 2147483647;
			files = (
				72E2B6312B19842500501351 /* OrderedCollections in Frameworks */,
			);
			runOnlyForDeploymentPostprocessing = 0;
		};
		72382D6C2B16B24D007901D6 /* Frameworks */ = {
			isa = PBXFrameworksBuildPhase;
			buildActionMask = 2147483647;
			files = (
			);
			runOnlyForDeploymentPostprocessing = 0;
		};
		72382D762B16B24D007901D6 /* Frameworks */ = {
			isa = PBXFrameworksBuildPhase;
			buildActionMask = 2147483647;
			files = (
			);
			runOnlyForDeploymentPostprocessing = 0;
		};
/* End PBXFrameworksBuildPhase section */

/* Begin PBXGroup section */
		72382D512B16B24C007901D6 = {
			isa = PBXGroup;
			children = (
				72382D5C2B16B24C007901D6 /* Pole Progress */,
				72382D722B16B24D007901D6 /* Pole ProgressTests */,
				72382D7C2B16B24D007901D6 /* Pole ProgressUITests */,
				72382D5B2B16B24C007901D6 /* Products */,
				72E2B62F2B19842500501351 /* Frameworks */,
			);
			sourceTree = "<group>";
		};
		72382D5B2B16B24C007901D6 /* Products */ = {
			isa = PBXGroup;
			children = (
				72382D5A2B16B24C007901D6 /* Pole Progress.app */,
				72382D6F2B16B24D007901D6 /* Pole ProgressTests.xctest */,
				72382D792B16B24D007901D6 /* Pole ProgressUITests.xctest */,
			);
			name = Products;
			sourceTree = "<group>";
		};
		72382D5C2B16B24C007901D6 /* Pole Progress */ = {
			isa = PBXGroup;
			children = (
				72382D972B16BE4A007901D6 /* Controllers */,
				72382D8D2B16B270007901D6 /* Models */,
				72382D8C2B16B267007901D6 /* Views */,
				72382D5D2B16B24C007901D6 /* Pole_ProgressApp.swift */,
				72382D5F2B16B24C007901D6 /* ContentView.swift */,
				72382D612B16B24D007901D6 /* Assets.xcassets */,
				72382D662B16B24D007901D6 /* Persistence.swift */,
				72382D632B16B24D007901D6 /* Preview Content */,
				72E7C96B2B18146800A44E7E /* Utils.swift */,
			);
			path = "Pole Progress";
			sourceTree = "<group>";
		};
		72382D632B16B24D007901D6 /* Preview Content */ = {
			isa = PBXGroup;
			children = (
				72382D642B16B24D007901D6 /* Preview Assets.xcassets */,
			);
			path = "Preview Content";
			sourceTree = "<group>";
		};
		72382D722B16B24D007901D6 /* Pole ProgressTests */ = {
			isa = PBXGroup;
			children = (
				72382D732B16B24D007901D6 /* Pole_ProgressTests.swift */,
			);
			path = "Pole ProgressTests";
			sourceTree = "<group>";
		};
		72382D7C2B16B24D007901D6 /* Pole ProgressUITests */ = {
			isa = PBXGroup;
			children = (
				72382D7D2B16B24D007901D6 /* Pole_ProgressUITests.swift */,
				72382D7F2B16B24D007901D6 /* Pole_ProgressUITestsLaunchTests.swift */,
			);
			path = "Pole ProgressUITests";
			sourceTree = "<group>";
		};
		72382D8C2B16B267007901D6 /* Views */ = {
			isa = PBXGroup;
			children = (
				72382D982B16C150007901D6 /* MoveListView.swift */,
				72313EB82B20E0B1000BD4D0 /* TransitionListView.swift */,
			);
			path = Views;
			sourceTree = "<group>";
		};
		72382D8D2B16B270007901D6 /* Models */ = {
			isa = PBXGroup;
			children = (
				72313EB02B20329B000BD4D0 /* TransitionEntity+CoreDataClass.swift */,
				72313EB12B20329B000BD4D0 /* TransitionEntity+CoreDataProperties.swift */,
				72E7C9652B16CB4400A44E7E /* PoleMove+CoreDataClass.swift */,
				72E7C9662B16CB4400A44E7E /* PoleMove+CoreDataProperties.swift */,
				72382D912B16B54D007901D6 /* StatusEnum.swift */,
				72D7EBF72B16C8D2006A3E99 /* PoleProgressData.xcdatamodeld */,
				72E2B62C2B1978AE00501351 /* PoleMove.swift */,
				72313EB42B203308000BD4D0 /* MoveTransition.swift */,
			);
			path = Models;
			sourceTree = "<group>";
		};
		72382D972B16BE4A007901D6 /* Controllers */ = {
			isa = PBXGroup;
			children = (
				72E7C9692B16E5BD00A44E7E /* MoveController.swift */,
				72E2B62A2B195EE100501351 /* DataController.swift */,
				72313EB62B2034B2000BD4D0 /* TransitionController.swift */,
			);
			path = Controllers;
			sourceTree = "<group>";
		};
		72E2B62F2B19842500501351 /* Frameworks */ = {
			isa = PBXGroup;
			children = (
			);
			name = Frameworks;
			sourceTree = "<group>";
		};
/* End PBXGroup section */

/* Begin PBXNativeTarget section */
		72382D592B16B24C007901D6 /* Pole Progress */ = {
			isa = PBXNativeTarget;
			buildConfigurationList = 72382D832B16B24D007901D6 /* Build configuration list for PBXNativeTarget "Pole Progress" */;
			buildPhases = (
				72382D562B16B24C007901D6 /* Sources */,
				72382D572B16B24C007901D6 /* Frameworks */,
				72382D582B16B24C007901D6 /* Resources */,
			);
			buildRules = (
			);
			dependencies = (
			);
			name = "Pole Progress";
			packageProductDependencies = (
				72E2B6302B19842500501351 /* OrderedCollections */,
			);
			productName = "Pole Progress";
			productReference = 72382D5A2B16B24C007901D6 /* Pole Progress.app */;
			productType = "com.apple.product-type.application";
		};
		72382D6E2B16B24D007901D6 /* Pole ProgressTests */ = {
			isa = PBXNativeTarget;
			buildConfigurationList = 72382D862B16B24D007901D6 /* Build configuration list for PBXNativeTarget "Pole ProgressTests" */;
			buildPhases = (
				72382D6B2B16B24D007901D6 /* Sources */,
				72382D6C2B16B24D007901D6 /* Frameworks */,
				72382D6D2B16B24D007901D6 /* Resources */,
			);
			buildRules = (
			);
			dependencies = (
				72382D712B16B24D007901D6 /* PBXTargetDependency */,
			);
			name = "Pole ProgressTests";
			productName = "Pole ProgressTests";
			productReference = 72382D6F2B16B24D007901D6 /* Pole ProgressTests.xctest */;
			productType = "com.apple.product-type.bundle.unit-test";
		};
		72382D782B16B24D007901D6 /* Pole ProgressUITests */ = {
			isa = PBXNativeTarget;
			buildConfigurationList = 72382D892B16B24D007901D6 /* Build configuration list for PBXNativeTarget "Pole ProgressUITests" */;
			buildPhases = (
				72382D752B16B24D007901D6 /* Sources */,
				72382D762B16B24D007901D6 /* Frameworks */,
				72382D772B16B24D007901D6 /* Resources */,
			);
			buildRules = (
			);
			dependencies = (
				72382D7B2B16B24D007901D6 /* PBXTargetDependency */,
			);
			name = "Pole ProgressUITests";
			productName = "Pole ProgressUITests";
			productReference = 72382D792B16B24D007901D6 /* Pole ProgressUITests.xctest */;
			productType = "com.apple.product-type.bundle.ui-testing";
		};
/* End PBXNativeTarget section */

/* Begin PBXProject section */
		72382D522B16B24C007901D6 /* Project object */ = {
			isa = PBXProject;
			attributes = {
				BuildIndependentTargetsInParallel = 1;
				LastSwiftUpdateCheck = 1500;
				LastUpgradeCheck = 1500;
				TargetAttributes = {
					72382D592B16B24C007901D6 = {
						CreatedOnToolsVersion = 15.0.1;
					};
					72382D6E2B16B24D007901D6 = {
						CreatedOnToolsVersion = 15.0.1;
						TestTargetID = 72382D592B16B24C007901D6;
					};
					72382D782B16B24D007901D6 = {
						CreatedOnToolsVersion = 15.0.1;
						TestTargetID = 72382D592B16B24C007901D6;
					};
				};
			};
			buildConfigurationList = 72382D552B16B24C007901D6 /* Build configuration list for PBXProject "Pole Progress" */;
			compatibilityVersion = "Xcode 14.0";
			developmentRegion = en;
			hasScannedForEncodings = 0;
			knownRegions = (
				en,
				Base,
			);
			mainGroup = 72382D512B16B24C007901D6;
			packageReferences = (
				72E2B62E2B197E7800501351 /* XCRemoteSwiftPackageReference "swift-collections" */,
			);
			productRefGroup = 72382D5B2B16B24C007901D6 /* Products */;
			projectDirPath = "";
			projectRoot = "";
			targets = (
				72382D592B16B24C007901D6 /* Pole Progress */,
				72382D6E2B16B24D007901D6 /* Pole ProgressTests */,
				72382D782B16B24D007901D6 /* Pole ProgressUITests */,
			);
		};
/* End PBXProject section */

/* Begin PBXResourcesBuildPhase section */
		72382D582B16B24C007901D6 /* Resources */ = {
			isa = PBXResourcesBuildPhase;
			buildActionMask = 2147483647;
			files = (
				72382D652B16B24D007901D6 /* Preview Assets.xcassets in Resources */,
				72382D622B16B24D007901D6 /* Assets.xcassets in Resources */,
			);
			runOnlyForDeploymentPostprocessing = 0;
		};
		72382D6D2B16B24D007901D6 /* Resources */ = {
			isa = PBXResourcesBuildPhase;
			buildActionMask = 2147483647;
			files = (
			);
			runOnlyForDeploymentPostprocessing = 0;
		};
		72382D772B16B24D007901D6 /* Resources */ = {
			isa = PBXResourcesBuildPhase;
			buildActionMask = 2147483647;
			files = (
			);
			runOnlyForDeploymentPostprocessing = 0;
		};
/* End PBXResourcesBuildPhase section */

/* Begin PBXSourcesBuildPhase section */
		72382D562B16B24C007901D6 /* Sources */ = {
			isa = PBXSourcesBuildPhase;
			buildActionMask = 2147483647;
			files = (
				72313EB92B20E0B1000BD4D0 /* TransitionListView.swift in Sources */,
				72313EB52B203308000BD4D0 /* MoveTransition.swift in Sources */,
				72382D922B16B54D007901D6 /* StatusEnum.swift in Sources */,
				72E2B62B2B195EE100501351 /* DataController.swift in Sources */,
				72E7C9682B16CB4400A44E7E /* PoleMove+CoreDataProperties.swift in Sources */,
				72313EB72B2034B2000BD4D0 /* TransitionController.swift in Sources */,
				72E7C96A2B16E5BD00A44E7E /* MoveController.swift in Sources */,
				72E2B62D2B1978AE00501351 /* PoleMove.swift in Sources */,
				72382D672B16B24D007901D6 /* Persistence.swift in Sources */,
				72E7C9672B16CB4400A44E7E /* PoleMove+CoreDataClass.swift in Sources */,
				72382D602B16B24C007901D6 /* ContentView.swift in Sources */,
				72D7EBF92B16C8D2006A3E99 /* PoleProgressData.xcdatamodeld in Sources */,
				72E7C96C2B18146800A44E7E /* Utils.swift in Sources */,
				72382D5E2B16B24C007901D6 /* Pole_ProgressApp.swift in Sources */,
				72382D992B16C151007901D6 /* MoveListView.swift in Sources */,
				72313EB22B20329B000BD4D0 /* TransitionEntity+CoreDataClass.swift in Sources */,
				72313EB32B20329B000BD4D0 /* TransitionEntity+CoreDataProperties.swift in Sources */,
			);
			runOnlyForDeploymentPostprocessing = 0;
		};
		72382D6B2B16B24D007901D6 /* Sources */ = {
			isa = PBXSourcesBuildPhase;
			buildActionMask = 2147483647;
			files = (
				72382D742B16B24D007901D6 /* Pole_ProgressTests.swift in Sources */,
			);
			runOnlyForDeploymentPostprocessing = 0;
		};
		72382D752B16B24D007901D6 /* Sources */ = {
			isa = PBXSourcesBuildPhase;
			buildActionMask = 2147483647;
			files = (
				72382D7E2B16B24D007901D6 /* Pole_ProgressUITests.swift in Sources */,
				72382D802B16B24D007901D6 /* Pole_ProgressUITestsLaunchTests.swift in Sources */,
			);
			runOnlyForDeploymentPostprocessing = 0;
		};
/* End PBXSourcesBuildPhase section */

/* Begin PBXTargetDependency section */
		72382D712B16B24D007901D6 /* PBXTargetDependency */ = {
			isa = PBXTargetDependency;
			target = 72382D592B16B24C007901D6 /* Pole Progress */;
			targetProxy = 72382D702B16B24D007901D6 /* PBXContainerItemProxy */;
		};
		72382D7B2B16B24D007901D6 /* PBXTargetDependency */ = {
			isa = PBXTargetDependency;
			target = 72382D592B16B24C007901D6 /* Pole Progress */;
			targetProxy = 72382D7A2B16B24D007901D6 /* PBXContainerItemProxy */;
		};
/* End PBXTargetDependency section */

/* Begin XCBuildConfiguration section */
		72382D812B16B24D007901D6 /* Debug */ = {
			isa = XCBuildConfiguration;
			buildSettings = {
				ALWAYS_SEARCH_USER_PATHS = NO;
				ASSETCATALOG_COMPILER_GENERATE_SWIFT_ASSET_SYMBOL_EXTENSIONS = YES;
				CLANG_ANALYZER_NONNULL = YES;
				CLANG_ANALYZER_NUMBER_OBJECT_CONVERSION = YES_AGGRESSIVE;
				CLANG_CXX_LANGUAGE_STANDARD = "gnu++20";
				CLANG_ENABLE_MODULES = YES;
				CLANG_ENABLE_OBJC_ARC = YES;
				CLANG_ENABLE_OBJC_WEAK = YES;
				CLANG_WARN_BLOCK_CAPTURE_AUTORELEASING = YES;
				CLANG_WARN_BOOL_CONVERSION = YES;
				CLANG_WARN_COMMA = YES;
				CLANG_WARN_CONSTANT_CONVERSION = YES;
				CLANG_WARN_DEPRECATED_OBJC_IMPLEMENTATIONS = YES;
				CLANG_WARN_DIRECT_OBJC_ISA_USAGE = YES_ERROR;
				CLANG_WARN_DOCUMENTATION_COMMENTS = YES;
				CLANG_WARN_EMPTY_BODY = YES;
				CLANG_WARN_ENUM_CONVERSION = YES;
				CLANG_WARN_INFINITE_RECURSION = YES;
				CLANG_WARN_INT_CONVERSION = YES;
				CLANG_WARN_NON_LITERAL_NULL_CONVERSION = YES;
				CLANG_WARN_OBJC_IMPLICIT_RETAIN_SELF = YES;
				CLANG_WARN_OBJC_LITERAL_CONVERSION = YES;
				CLANG_WARN_OBJC_ROOT_CLASS = YES_ERROR;
				CLANG_WARN_QUOTED_INCLUDE_IN_FRAMEWORK_HEADER = YES;
				CLANG_WARN_RANGE_LOOP_ANALYSIS = YES;
				CLANG_WARN_STRICT_PROTOTYPES = YES;
				CLANG_WARN_SUSPICIOUS_MOVE = YES;
				CLANG_WARN_UNGUARDED_AVAILABILITY = YES_AGGRESSIVE;
				CLANG_WARN_UNREACHABLE_CODE = YES;
				CLANG_WARN__DUPLICATE_METHOD_MATCH = YES;
				COPY_PHASE_STRIP = NO;
				DEBUG_INFORMATION_FORMAT = dwarf;
				ENABLE_STRICT_OBJC_MSGSEND = YES;
				ENABLE_TESTABILITY = YES;
				ENABLE_USER_SCRIPT_SANDBOXING = YES;
				GCC_C_LANGUAGE_STANDARD = gnu17;
				GCC_DYNAMIC_NO_PIC = NO;
				GCC_NO_COMMON_BLOCKS = YES;
				GCC_OPTIMIZATION_LEVEL = 0;
				GCC_PREPROCESSOR_DEFINITIONS = (
					"DEBUG=1",
					"$(inherited)",
				);
				GCC_WARN_64_TO_32_BIT_CONVERSION = YES;
				GCC_WARN_ABOUT_RETURN_TYPE = YES_ERROR;
				GCC_WARN_UNDECLARED_SELECTOR = YES;
				GCC_WARN_UNINITIALIZED_AUTOS = YES_AGGRESSIVE;
				GCC_WARN_UNUSED_FUNCTION = YES;
				GCC_WARN_UNUSED_VARIABLE = YES;
				IPHONEOS_DEPLOYMENT_TARGET = 17.0;
				LOCALIZATION_PREFERS_STRING_CATALOGS = YES;
				MTL_ENABLE_DEBUG_INFO = INCLUDE_SOURCE;
				MTL_FAST_MATH = YES;
				ONLY_ACTIVE_ARCH = YES;
				SDKROOT = iphoneos;
				SWIFT_ACTIVE_COMPILATION_CONDITIONS = "DEBUG $(inherited)";
				SWIFT_OPTIMIZATION_LEVEL = "-Onone";
			};
			name = Debug;
		};
		72382D822B16B24D007901D6 /* Release */ = {
			isa = XCBuildConfiguration;
			buildSettings = {
				ALWAYS_SEARCH_USER_PATHS = NO;
				ASSETCATALOG_COMPILER_GENERATE_SWIFT_ASSET_SYMBOL_EXTENSIONS = YES;
				CLANG_ANALYZER_NONNULL = YES;
				CLANG_ANALYZER_NUMBER_OBJECT_CONVERSION = YES_AGGRESSIVE;
				CLANG_CXX_LANGUAGE_STANDARD = "gnu++20";
				CLANG_ENABLE_MODULES = YES;
				CLANG_ENABLE_OBJC_ARC = YES;
				CLANG_ENABLE_OBJC_WEAK = YES;
				CLANG_WARN_BLOCK_CAPTURE_AUTORELEASING = YES;
				CLANG_WARN_BOOL_CONVERSION = YES;
				CLANG_WARN_COMMA = YES;
				CLANG_WARN_CONSTANT_CONVERSION = YES;
				CLANG_WARN_DEPRECATED_OBJC_IMPLEMENTATIONS = YES;
				CLANG_WARN_DIRECT_OBJC_ISA_USAGE = YES_ERROR;
				CLANG_WARN_DOCUMENTATION_COMMENTS = YES;
				CLANG_WARN_EMPTY_BODY = YES;
				CLANG_WARN_ENUM_CONVERSION = YES;
				CLANG_WARN_INFINITE_RECURSION = YES;
				CLANG_WARN_INT_CONVERSION = YES;
				CLANG_WARN_NON_LITERAL_NULL_CONVERSION = YES;
				CLANG_WARN_OBJC_IMPLICIT_RETAIN_SELF = YES;
				CLANG_WARN_OBJC_LITERAL_CONVERSION = YES;
				CLANG_WARN_OBJC_ROOT_CLASS = YES_ERROR;
				CLANG_WARN_QUOTED_INCLUDE_IN_FRAMEWORK_HEADER = YES;
				CLANG_WARN_RANGE_LOOP_ANALYSIS = YES;
				CLANG_WARN_STRICT_PROTOTYPES = YES;
				CLANG_WARN_SUSPICIOUS_MOVE = YES;
				CLANG_WARN_UNGUARDED_AVAILABILITY = YES_AGGRESSIVE;
				CLANG_WARN_UNREACHABLE_CODE = YES;
				CLANG_WARN__DUPLICATE_METHOD_MATCH = YES;
				COPY_PHASE_STRIP = NO;
				DEBUG_INFORMATION_FORMAT = "dwarf-with-dsym";
				ENABLE_NS_ASSERTIONS = NO;
				ENABLE_STRICT_OBJC_MSGSEND = YES;
				ENABLE_USER_SCRIPT_SANDBOXING = YES;
				GCC_C_LANGUAGE_STANDARD = gnu17;
				GCC_NO_COMMON_BLOCKS = YES;
				GCC_WARN_64_TO_32_BIT_CONVERSION = YES;
				GCC_WARN_ABOUT_RETURN_TYPE = YES_ERROR;
				GCC_WARN_UNDECLARED_SELECTOR = YES;
				GCC_WARN_UNINITIALIZED_AUTOS = YES_AGGRESSIVE;
				GCC_WARN_UNUSED_FUNCTION = YES;
				GCC_WARN_UNUSED_VARIABLE = YES;
				IPHONEOS_DEPLOYMENT_TARGET = 17.0;
				LOCALIZATION_PREFERS_STRING_CATALOGS = YES;
				MTL_ENABLE_DEBUG_INFO = NO;
				MTL_FAST_MATH = YES;
				SDKROOT = iphoneos;
				SWIFT_COMPILATION_MODE = wholemodule;
				VALIDATE_PRODUCT = YES;
			};
			name = Release;
		};
		72382D842B16B24D007901D6 /* Debug */ = {
			isa = XCBuildConfiguration;
			buildSettings = {
				ASSETCATALOG_COMPILER_APPICON_NAME = AppIcon;
				ASSETCATALOG_COMPILER_GLOBAL_ACCENT_COLOR_NAME = AccentColor;
				CODE_SIGN_STYLE = Automatic;
				CURRENT_PROJECT_VERSION = 1;
				DEVELOPMENT_ASSET_PATHS = "\"Pole Progress/Preview Content\"";
				ENABLE_PREVIEWS = YES;
				GENERATE_INFOPLIST_FILE = YES;
				INFOPLIST_KEY_UIApplicationSceneManifest_Generation = YES;
				INFOPLIST_KEY_UIApplicationSupportsIndirectInputEvents = YES;
				INFOPLIST_KEY_UILaunchScreen_Generation = YES;
				INFOPLIST_KEY_UISupportedInterfaceOrientations_iPad = "UIInterfaceOrientationPortrait UIInterfaceOrientationPortraitUpsideDown UIInterfaceOrientationLandscapeLeft UIInterfaceOrientationLandscapeRight";
				INFOPLIST_KEY_UISupportedInterfaceOrientations_iPhone = "UIInterfaceOrientationPortrait UIInterfaceOrientationLandscapeLeft UIInterfaceOrientationLandscapeRight";
				LD_RUNPATH_SEARCH_PATHS = (
					"$(inherited)",
					"@executable_path/Frameworks",
				);
				MARKETING_VERSION = 1.0;
				PRODUCT_BUNDLE_IDENTIFIER = "com.fishcodepond.Pole-Progress";
				PRODUCT_NAME = "$(TARGET_NAME)";
				SWIFT_EMIT_LOC_STRINGS = YES;
				SWIFT_VERSION = 5.0;
				TARGETED_DEVICE_FAMILY = "1,2";
			};
			name = Debug;
		};
		72382D852B16B24D007901D6 /* Release */ = {
			isa = XCBuildConfiguration;
			buildSettings = {
				ASSETCATALOG_COMPILER_APPICON_NAME = AppIcon;
				ASSETCATALOG_COMPILER_GLOBAL_ACCENT_COLOR_NAME = AccentColor;
				CODE_SIGN_STYLE = Automatic;
				CURRENT_PROJECT_VERSION = 1;
				DEVELOPMENT_ASSET_PATHS = "\"Pole Progress/Preview Content\"";
				ENABLE_PREVIEWS = YES;
				GENERATE_INFOPLIST_FILE = YES;
				INFOPLIST_KEY_UIApplicationSceneManifest_Generation = YES;
				INFOPLIST_KEY_UIApplicationSupportsIndirectInputEvents = YES;
				INFOPLIST_KEY_UILaunchScreen_Generation = YES;
				INFOPLIST_KEY_UISupportedInterfaceOrientations_iPad = "UIInterfaceOrientationPortrait UIInterfaceOrientationPortraitUpsideDown UIInterfaceOrientationLandscapeLeft UIInterfaceOrientationLandscapeRight";
				INFOPLIST_KEY_UISupportedInterfaceOrientations_iPhone = "UIInterfaceOrientationPortrait UIInterfaceOrientationLandscapeLeft UIInterfaceOrientationLandscapeRight";
				LD_RUNPATH_SEARCH_PATHS = (
					"$(inherited)",
					"@executable_path/Frameworks",
				);
				MARKETING_VERSION = 1.0;
				PRODUCT_BUNDLE_IDENTIFIER = "com.fishcodepond.Pole-Progress";
				PRODUCT_NAME = "$(TARGET_NAME)";
				SWIFT_EMIT_LOC_STRINGS = YES;
				SWIFT_VERSION = 5.0;
				TARGETED_DEVICE_FAMILY = "1,2";
			};
			name = Release;
		};
		72382D872B16B24D007901D6 /* Debug */ = {
			isa = XCBuildConfiguration;
			buildSettings = {
				ALWAYS_EMBED_SWIFT_STANDARD_LIBRARIES = YES;
				BUNDLE_LOADER = "$(TEST_HOST)";
				CODE_SIGN_STYLE = Automatic;
				CURRENT_PROJECT_VERSION = 1;
				GENERATE_INFOPLIST_FILE = YES;
				IPHONEOS_DEPLOYMENT_TARGET = 17.0;
				MARKETING_VERSION = 1.0;
				PRODUCT_BUNDLE_IDENTIFIER = "com.fishcodepond.Pole-ProgressTests";
				PRODUCT_NAME = "$(TARGET_NAME)";
				SWIFT_EMIT_LOC_STRINGS = NO;
				SWIFT_VERSION = 5.0;
				TARGETED_DEVICE_FAMILY = "1,2";
				TEST_HOST = "$(BUILT_PRODUCTS_DIR)/Pole Progress.app/$(BUNDLE_EXECUTABLE_FOLDER_PATH)/Pole Progress";
			};
			name = Debug;
		};
		72382D882B16B24D007901D6 /* Release */ = {
			isa = XCBuildConfiguration;
			buildSettings = {
				ALWAYS_EMBED_SWIFT_STANDARD_LIBRARIES = YES;
				BUNDLE_LOADER = "$(TEST_HOST)";
				CODE_SIGN_STYLE = Automatic;
				CURRENT_PROJECT_VERSION = 1;
				GENERATE_INFOPLIST_FILE = YES;
				IPHONEOS_DEPLOYMENT_TARGET = 17.0;
				MARKETING_VERSION = 1.0;
				PRODUCT_BUNDLE_IDENTIFIER = "com.fishcodepond.Pole-ProgressTests";
				PRODUCT_NAME = "$(TARGET_NAME)";
				SWIFT_EMIT_LOC_STRINGS = NO;
				SWIFT_VERSION = 5.0;
				TARGETED_DEVICE_FAMILY = "1,2";
				TEST_HOST = "$(BUILT_PRODUCTS_DIR)/Pole Progress.app/$(BUNDLE_EXECUTABLE_FOLDER_PATH)/Pole Progress";
			};
			name = Release;
		};
		72382D8A2B16B24D007901D6 /* Debug */ = {
			isa = XCBuildConfiguration;
			buildSettings = {
				ALWAYS_EMBED_SWIFT_STANDARD_LIBRARIES = YES;
				CODE_SIGN_STYLE = Automatic;
				CURRENT_PROJECT_VERSION = 1;
				GENERATE_INFOPLIST_FILE = YES;
				MARKETING_VERSION = 1.0;
				PRODUCT_BUNDLE_IDENTIFIER = "com.fishcodepond.Pole-ProgressUITests";
				PRODUCT_NAME = "$(TARGET_NAME)";
				SWIFT_EMIT_LOC_STRINGS = NO;
				SWIFT_VERSION = 5.0;
				TARGETED_DEVICE_FAMILY = "1,2";
				TEST_TARGET_NAME = "Pole Progress";
			};
			name = Debug;
		};
		72382D8B2B16B24D007901D6 /* Release */ = {
			isa = XCBuildConfiguration;
			buildSettings = {
				ALWAYS_EMBED_SWIFT_STANDARD_LIBRARIES = YES;
				CODE_SIGN_STYLE = Automatic;
				CURRENT_PROJECT_VERSION = 1;
				GENERATE_INFOPLIST_FILE = YES;
				MARKETING_VERSION = 1.0;
				PRODUCT_BUNDLE_IDENTIFIER = "com.fishcodepond.Pole-ProgressUITests";
				PRODUCT_NAME = "$(TARGET_NAME)";
				SWIFT_EMIT_LOC_STRINGS = NO;
				SWIFT_VERSION = 5.0;
				TARGETED_DEVICE_FAMILY = "1,2";
				TEST_TARGET_NAME = "Pole Progress";
			};
			name = Release;
		};
/* End XCBuildConfiguration section */

/* Begin XCConfigurationList section */
		72382D552B16B24C007901D6 /* Build configuration list for PBXProject "Pole Progress" */ = {
			isa = XCConfigurationList;
			buildConfigurations = (
				72382D812B16B24D007901D6 /* Debug */,
				72382D822B16B24D007901D6 /* Release */,
			);
			defaultConfigurationIsVisible = 0;
			defaultConfigurationName = Release;
		};
		72382D832B16B24D007901D6 /* Build configuration list for PBXNativeTarget "Pole Progress" */ = {
			isa = XCConfigurationList;
			buildConfigurations = (
				72382D842B16B24D007901D6 /* Debug */,
				72382D852B16B24D007901D6 /* Release */,
			);
			defaultConfigurationIsVisible = 0;
			defaultConfigurationName = Release;
		};
		72382D862B16B24D007901D6 /* Build configuration list for PBXNativeTarget "Pole ProgressTests" */ = {
			isa = XCConfigurationList;
			buildConfigurations = (
				72382D872B16B24D007901D6 /* Debug */,
				72382D882B16B24D007901D6 /* Release */,
			);
			defaultConfigurationIsVisible = 0;
			defaultConfigurationName = Release;
		};
		72382D892B16B24D007901D6 /* Build configuration list for PBXNativeTarget "Pole ProgressUITests" */ = {
			isa = XCConfigurationList;
			buildConfigurations = (
				72382D8A2B16B24D007901D6 /* Debug */,
				72382D8B2B16B24D007901D6 /* Release */,
			);
			defaultConfigurationIsVisible = 0;
			defaultConfigurationName = Release;
		};
/* End XCConfigurationList section */

/* Begin XCRemoteSwiftPackageReference section */
		72E2B62E2B197E7800501351 /* XCRemoteSwiftPackageReference "swift-collections" */ = {
			isa = XCRemoteSwiftPackageReference;
			repositoryURL = "https://github.com/apple/swift-collections.git";
			requirement = {
				kind = upToNextMajorVersion;
				minimumVersion = 1.0.5;
			};
		};
/* End XCRemoteSwiftPackageReference section */

/* Begin XCSwiftPackageProductDependency section */
		72E2B6302B19842500501351 /* OrderedCollections */ = {
			isa = XCSwiftPackageProductDependency;
			package = 72E2B62E2B197E7800501351 /* XCRemoteSwiftPackageReference "swift-collections" */;
			productName = OrderedCollections;
		};
/* End XCSwiftPackageProductDependency section */

/* Begin XCVersionGroup section */
		72D7EBF72B16C8D2006A3E99 /* PoleProgressData.xcdatamodeld */ = {
			isa = XCVersionGroup;
			children = (
				72D7EBF82B16C8D2006A3E99 /* PoleProgressData.xcdatamodel */,
			);
			currentVersion = 72D7EBF82B16C8D2006A3E99 /* PoleProgressData.xcdatamodel */;
			path = PoleProgressData.xcdatamodeld;
			sourceTree = "<group>";
			versionGroupType = wrapper.xcdatamodel;
		};
/* End XCVersionGroup section */
	};
	rootObject = 72382D522B16B24C007901D6 /* Project object */;
}
